<?xml version="1.0" encoding="utf-8"?>
<Project ToolsVersion="4.0" xmlns="http://schemas.microsoft.com/developer/msbuild/2003">
  <ItemGroup>
    <Filter Include="鬯ｯ・ｩ陝ｷ・｢繝ｻ・ｽ繝ｻ・｢驛｢譎｢・ｽ・ｻ郢晢ｽｻ繝ｻ・ｧ鬩幢ｽ｢隴趣ｽ｢繝ｻ・ｽ繝ｻ・ｻ驛｢譎｢・ｽ・ｻ郢晢ｽｻ繝ｻ・ｽ鬯ｯ・ｩ陝ｷ・｢繝ｻ・ｽ繝ｻ・｢鬮ｫ・ｴ髮懶ｽ｣繝ｻ・ｽ繝ｻ・｢驛｢譎｢・ｽ・ｻ郢晢ｽｻ繝ｻ・ｽ驛｢譎｢・ｽ・ｻ郢晢ｽｻ繝ｻ・ｼ鬯ｯ・ｩ陝ｷ・｢繝ｻ・ｽ繝ｻ・｢驛｢譎｢・ｽ・ｻ郢晢ｽｻ繝ｻ・ｧ鬩幢ｽ｢隴趣ｽ｢繝ｻ・ｽ繝ｻ・ｻ驛｢譎｢・ｽ・ｻ郢晢ｽｻ繝ｻ・ｹ 鬯ｯ・ｩ陝ｷ・｢繝ｻ・ｽ繝ｻ・｢鬮ｫ・ｴ陟托ｽｱ郢晢ｽｻ郢晢ｽｻ繝ｻ・ｽ郢晢ｽｻ繝ｻ・ｼ鬮ｫ・ｴ遶擾ｽｵ髢ｻ・ｸ郢晢ｽｻ繝ｻ・ｼ髫ｲ讖ｸ・ｽ・ｺ繝ｻ蜿夜ｱ堤ｹ晢ｽｻ郢晢ｽｻ繝ｻ・ｧ鬩幢ｽ｢隴趣ｽ｢繝ｻ・ｽ繝ｻ・ｻ驛｢譎｢・ｽ・ｻ郢晢ｽｻ繝ｻ・､鬯ｯ・ｩ陝ｷ・｢繝ｻ・ｽ繝ｻ・｢鬮ｫ・ｴ髮懶ｽ｣繝ｻ・ｽ繝ｻ・｢驛｢譎｢・ｽ・ｻ郢晢ｽｻ繝ｻ・ｽ驛｢譎｢・ｽ・ｻ郢晢ｽｻ繝ｻ・ｫ">
      <UniqueIdentifier>{4FC737F1-C7A5-4376-A066-2A32D752A2FF}</UniqueIdentifier>
      <Extensions>cpp;c;cc;cxx;c++;cppm;ixx;def;odl;idl;hpj;bat;asm;asmx</Extensions>
    </Filter>
    <Filter Include="鬯ｯ・ｩ陝ｷ・｢繝ｻ・ｽ繝ｻ・｢鬮ｫ・ｴ陷ｿ蜴・ｽｽ・ｸ陷ｿ・ｯ・つ驛｢譎｢・ｽ・ｻ郢晢ｽｻ繝ｻ・･鬯ｩ蟷｢・ｽ・｢髫ｴ雜｣・ｽ・｢郢晢ｽｻ繝ｻ・ｽ郢晢ｽｻ繝ｻ・｣鬯ｯ・ｩ陝ｷ・｢繝ｻ・ｽ繝ｻ・｢鬮ｫ・ｰ繝ｻ・ｨ鬯ｲ謇假ｽｽ・ｴ繝ｻ縺､ﾂ鬯ｯ・ｩ陝ｷ・｢繝ｻ・ｽ繝ｻ・｢鬮ｫ・ｴ髮懶ｽ｣繝ｻ・ｽ繝ｻ・｢驛｢譎｢・ｽ・ｻ郢晢ｽｻ繝ｻ・ｽ驛｢譎｢・ｽ・ｻ郢晢ｽｻ繝ｻ・ｼ 鬯ｯ・ｩ陝ｷ・｢繝ｻ・ｽ繝ｻ・｢鬮ｫ・ｴ陟托ｽｱ郢晢ｽｻ郢晢ｽｻ繝ｻ・ｽ郢晢ｽｻ繝ｻ・ｼ鬮ｫ・ｴ遶擾ｽｵ髢ｻ・ｸ郢晢ｽｻ繝ｻ・ｼ髫ｲ讖ｸ・ｽ・ｺ繝ｻ蜿夜ｱ堤ｹ晢ｽｻ郢晢ｽｻ繝ｻ・ｧ鬩幢ｽ｢隴趣ｽ｢繝ｻ・ｽ繝ｻ・ｻ驛｢譎｢・ｽ・ｻ郢晢ｽｻ繝ｻ・､鬯ｯ・ｩ陝ｷ・｢繝ｻ・ｽ繝ｻ・｢鬮ｫ・ｴ髮懶ｽ｣繝ｻ・ｽ繝ｻ・｢驛｢譎｢・ｽ・ｻ郢晢ｽｻ繝ｻ・ｽ驛｢譎｢・ｽ・ｻ郢晢ｽｻ繝ｻ・ｫ">
      <UniqueIdentifier>{93995380-89BD-4b04-88EB-625FBE52EBFB}</UniqueIdentifier>
      <Extensions>h;hh;hpp;hxx;h++;hm;inl;inc;ipp;xsd</Extensions>
    </Filter>
    <Filter Include="鬯ｯ・ｩ陝ｷ・｢繝ｻ・ｽ繝ｻ・｢鬮ｫ・ｴ髮懶ｽ｣繝ｻ・ｽ繝ｻ・｢驛｢譎｢・ｽ・ｻ郢晢ｽｻ繝ｻ・ｽ驛｢譎｢・ｽ・ｻ郢晢ｽｻ繝ｻ・ｪ鬯ｯ・ｩ陝ｷ・｢繝ｻ・ｽ繝ｻ・｢驛｢譎｢・ｽ・ｻ郢晢ｽｻ繝ｻ・ｧ鬩幢ｽ｢隴趣ｽ｢繝ｻ・ｽ繝ｻ・ｻ驛｢譎｢・ｽ・ｻ郢晢ｽｻ繝ｻ・ｽ鬯ｯ・ｩ陝ｷ・｢繝ｻ・ｽ繝ｻ・｢鬮ｫ・ｴ髮懶ｽ｣繝ｻ・ｽ繝ｻ・｢驛｢譎｢・ｽ・ｻ郢晢ｽｻ繝ｻ・ｽ驛｢譎｢・ｽ・ｻ郢晢ｽｻ繝ｻ・ｼ鬯ｯ・ｩ陝ｷ・｢繝ｻ・ｽ繝ｻ・｢驛｢譎｢・ｽ・ｻ郢晢ｽｻ繝ｻ・ｧ鬩幢ｽ｢隴趣ｽ｢繝ｻ・ｽ繝ｻ・ｻ驛｢譎｢・ｽ・ｻ郢晢ｽｻ繝ｻ・ｹ 鬯ｯ・ｩ陝ｷ・｢繝ｻ・ｽ繝ｻ・｢鬮ｫ・ｴ陟托ｽｱ郢晢ｽｻ郢晢ｽｻ繝ｻ・ｽ郢晢ｽｻ繝ｻ・ｼ鬮ｫ・ｴ遶擾ｽｵ髢ｻ・ｸ郢晢ｽｻ繝ｻ・ｼ髫ｲ讖ｸ・ｽ・ｺ繝ｻ蜿夜ｱ堤ｹ晢ｽｻ郢晢ｽｻ繝ｻ・ｧ鬩幢ｽ｢隴趣ｽ｢繝ｻ・ｽ繝ｻ・ｻ驛｢譎｢・ｽ・ｻ郢晢ｽｻ繝ｻ・､鬯ｯ・ｩ陝ｷ・｢繝ｻ・ｽ繝ｻ・｢鬮ｫ・ｴ髮懶ｽ｣繝ｻ・ｽ繝ｻ・｢驛｢譎｢・ｽ・ｻ郢晢ｽｻ繝ｻ・ｽ驛｢譎｢・ｽ・ｻ郢晢ｽｻ繝ｻ・ｫ">
      <UniqueIdentifier>{67DA6AB6-F800-4c08-8B7A-83BB121AAD01}</UniqueIdentifier>
      <Extensions>rc;ico;cur;bmp;dlg;rc2;rct;bin;rgs;gif;jpg;jpeg;jpe;resx;tiff;tif;png;wav;mfcribbon-ms</Extensions>
    </Filter>
  </ItemGroup>
  <ItemGroup>
    <ClCompile Include="SourceCode\Graphic\DirectX\DirectX12\DirectX12.cpp">
      <Filter>鬯ｯ・ｩ陝ｷ・｢繝ｻ・ｽ繝ｻ・｢驛｢譎｢・ｽ・ｻ郢晢ｽｻ繝ｻ・ｧ鬩幢ｽ｢隴趣ｽ｢繝ｻ・ｽ繝ｻ・ｻ驛｢譎｢・ｽ・ｻ郢晢ｽｻ繝ｻ・ｽ鬯ｯ・ｩ陝ｷ・｢繝ｻ・ｽ繝ｻ・｢鬮ｫ・ｴ髮懶ｽ｣繝ｻ・ｽ繝ｻ・｢驛｢譎｢・ｽ・ｻ郢晢ｽｻ繝ｻ・ｽ驛｢譎｢・ｽ・ｻ郢晢ｽｻ繝ｻ・ｼ鬯ｯ・ｩ陝ｷ・｢繝ｻ・ｽ繝ｻ・｢驛｢譎｢・ｽ・ｻ郢晢ｽｻ繝ｻ・ｧ鬩幢ｽ｢隴趣ｽ｢繝ｻ・ｽ繝ｻ・ｻ驛｢譎｢・ｽ・ｻ郢晢ｽｻ繝ｻ・ｹ 鬯ｯ・ｩ陝ｷ・｢繝ｻ・ｽ繝ｻ・｢鬮ｫ・ｴ陟托ｽｱ郢晢ｽｻ郢晢ｽｻ繝ｻ・ｽ郢晢ｽｻ繝ｻ・ｼ鬮ｫ・ｴ遶擾ｽｵ髢ｻ・ｸ郢晢ｽｻ繝ｻ・ｼ髫ｲ讖ｸ・ｽ・ｺ繝ｻ蜿夜ｱ堤ｹ晢ｽｻ郢晢ｽｻ繝ｻ・ｧ鬩幢ｽ｢隴趣ｽ｢繝ｻ・ｽ繝ｻ・ｻ驛｢譎｢・ｽ・ｻ郢晢ｽｻ繝ｻ・､鬯ｯ・ｩ陝ｷ・｢繝ｻ・ｽ繝ｻ・｢鬮ｫ・ｴ髮懶ｽ｣繝ｻ・ｽ繝ｻ・｢驛｢譎｢・ｽ・ｻ郢晢ｽｻ繝ｻ・ｽ驛｢譎｢・ｽ・ｻ郢晢ｽｻ繝ｻ・ｫ</Filter>
    </ClCompile>
    <ClCompile Include="SourceCode\pch.cpp">
      <Filter>鬯ｯ・ｩ陝ｷ・｢繝ｻ・ｽ繝ｻ・｢驛｢譎｢・ｽ・ｻ郢晢ｽｻ繝ｻ・ｧ鬩幢ｽ｢隴趣ｽ｢繝ｻ・ｽ繝ｻ・ｻ驛｢譎｢・ｽ・ｻ郢晢ｽｻ繝ｻ・ｽ鬯ｯ・ｩ陝ｷ・｢繝ｻ・ｽ繝ｻ・｢鬮ｫ・ｴ髮懶ｽ｣繝ｻ・ｽ繝ｻ・｢驛｢譎｢・ｽ・ｻ郢晢ｽｻ繝ｻ・ｽ驛｢譎｢・ｽ・ｻ郢晢ｽｻ繝ｻ・ｼ鬯ｯ・ｩ陝ｷ・｢繝ｻ・ｽ繝ｻ・｢驛｢譎｢・ｽ・ｻ郢晢ｽｻ繝ｻ・ｧ鬩幢ｽ｢隴趣ｽ｢繝ｻ・ｽ繝ｻ・ｻ驛｢譎｢・ｽ・ｻ郢晢ｽｻ繝ｻ・ｹ 鬯ｯ・ｩ陝ｷ・｢繝ｻ・ｽ繝ｻ・｢鬮ｫ・ｴ陟托ｽｱ郢晢ｽｻ郢晢ｽｻ繝ｻ・ｽ郢晢ｽｻ繝ｻ・ｼ鬮ｫ・ｴ遶擾ｽｵ髢ｻ・ｸ郢晢ｽｻ繝ｻ・ｼ髫ｲ讖ｸ・ｽ・ｺ繝ｻ蜿夜ｱ堤ｹ晢ｽｻ郢晢ｽｻ繝ｻ・ｧ鬩幢ｽ｢隴趣ｽ｢繝ｻ・ｽ繝ｻ・ｻ驛｢譎｢・ｽ・ｻ郢晢ｽｻ繝ｻ・､鬯ｯ・ｩ陝ｷ・｢繝ｻ・ｽ繝ｻ・｢鬮ｫ・ｴ髮懶ｽ｣繝ｻ・ｽ繝ｻ・｢驛｢譎｢・ｽ・ｻ郢晢ｽｻ繝ｻ・ｽ驛｢譎｢・ｽ・ｻ郢晢ｽｻ繝ｻ・ｫ</Filter>
    </ClCompile>
    <ClCompile Include="SourceCode\System\Utility\String\String.cpp">
      <Filter>鬯ｯ・ｩ陝ｷ・｢繝ｻ・ｽ繝ｻ・｢驛｢譎｢・ｽ・ｻ郢晢ｽｻ繝ｻ・ｧ鬩幢ｽ｢隴趣ｽ｢繝ｻ・ｽ繝ｻ・ｻ驛｢譎｢・ｽ・ｻ郢晢ｽｻ繝ｻ・ｽ鬯ｯ・ｩ陝ｷ・｢繝ｻ・ｽ繝ｻ・｢鬮ｫ・ｴ髮懶ｽ｣繝ｻ・ｽ繝ｻ・｢驛｢譎｢・ｽ・ｻ郢晢ｽｻ繝ｻ・ｽ驛｢譎｢・ｽ・ｻ郢晢ｽｻ繝ｻ・ｼ鬯ｯ・ｩ陝ｷ・｢繝ｻ・ｽ繝ｻ・｢驛｢譎｢・ｽ・ｻ郢晢ｽｻ繝ｻ・ｧ鬩幢ｽ｢隴趣ｽ｢繝ｻ・ｽ繝ｻ・ｻ驛｢譎｢・ｽ・ｻ郢晢ｽｻ繝ｻ・ｹ 鬯ｯ・ｩ陝ｷ・｢繝ｻ・ｽ繝ｻ・｢鬮ｫ・ｴ陟托ｽｱ郢晢ｽｻ郢晢ｽｻ繝ｻ・ｽ郢晢ｽｻ繝ｻ・ｼ鬮ｫ・ｴ遶擾ｽｵ髢ｻ・ｸ郢晢ｽｻ繝ｻ・ｼ髫ｲ讖ｸ・ｽ・ｺ繝ｻ蜿夜ｱ堤ｹ晢ｽｻ郢晢ｽｻ繝ｻ・ｧ鬩幢ｽ｢隴趣ｽ｢繝ｻ・ｽ繝ｻ・ｻ驛｢譎｢・ｽ・ｻ郢晢ｽｻ繝ｻ・､鬯ｯ・ｩ陝ｷ・｢繝ｻ・ｽ繝ｻ・｢鬮ｫ・ｴ髮懶ｽ｣繝ｻ・ｽ繝ｻ・｢驛｢譎｢・ｽ・ｻ郢晢ｽｻ繝ｻ・ｽ驛｢譎｢・ｽ・ｻ郢晢ｽｻ繝ｻ・ｫ</Filter>
    </ClCompile>
    <ClCompile Include="SourceCode\Graphic\FBX\FBXMesh.cpp">
      <Filter>鬯ｯ・ｩ陝ｷ・｢繝ｻ・ｽ繝ｻ・｢驛｢譎｢・ｽ・ｻ郢晢ｽｻ繝ｻ・ｧ鬩幢ｽ｢隴趣ｽ｢繝ｻ・ｽ繝ｻ・ｻ驛｢譎｢・ｽ・ｻ郢晢ｽｻ繝ｻ・ｽ鬯ｯ・ｩ陝ｷ・｢繝ｻ・ｽ繝ｻ・｢鬮ｫ・ｴ髮懶ｽ｣繝ｻ・ｽ繝ｻ・｢驛｢譎｢・ｽ・ｻ郢晢ｽｻ繝ｻ・ｽ驛｢譎｢・ｽ・ｻ郢晢ｽｻ繝ｻ・ｼ鬯ｯ・ｩ陝ｷ・｢繝ｻ・ｽ繝ｻ・｢驛｢譎｢・ｽ・ｻ郢晢ｽｻ繝ｻ・ｧ鬩幢ｽ｢隴趣ｽ｢繝ｻ・ｽ繝ｻ・ｻ驛｢譎｢・ｽ・ｻ郢晢ｽｻ繝ｻ・ｹ 鬯ｯ・ｩ陝ｷ・｢繝ｻ・ｽ繝ｻ・｢鬮ｫ・ｴ陟托ｽｱ郢晢ｽｻ郢晢ｽｻ繝ｻ・ｽ郢晢ｽｻ繝ｻ・ｼ鬮ｫ・ｴ遶擾ｽｵ髢ｻ・ｸ郢晢ｽｻ繝ｻ・ｼ髫ｲ讖ｸ・ｽ・ｺ繝ｻ蜿夜ｱ堤ｹ晢ｽｻ郢晢ｽｻ繝ｻ・ｧ鬩幢ｽ｢隴趣ｽ｢繝ｻ・ｽ繝ｻ・ｻ驛｢譎｢・ｽ・ｻ郢晢ｽｻ繝ｻ・､鬯ｯ・ｩ陝ｷ・｢繝ｻ・ｽ繝ｻ・｢鬮ｫ・ｴ髮懶ｽ｣繝ｻ・ｽ繝ｻ・｢驛｢譎｢・ｽ・ｻ郢晢ｽｻ繝ｻ・ｽ驛｢譎｢・ｽ・ｻ郢晢ｽｻ繝ｻ・ｫ</Filter>
    </ClCompile>
    <ClCompile Include="SourceCode\Graphic\FBX\FBXModel.cpp">
      <Filter>鬯ｯ・ｩ陝ｷ・｢繝ｻ・ｽ繝ｻ・｢驛｢譎｢・ｽ・ｻ郢晢ｽｻ繝ｻ・ｧ鬩幢ｽ｢隴趣ｽ｢繝ｻ・ｽ繝ｻ・ｻ驛｢譎｢・ｽ・ｻ郢晢ｽｻ繝ｻ・ｽ鬯ｯ・ｩ陝ｷ・｢繝ｻ・ｽ繝ｻ・｢鬮ｫ・ｴ髮懶ｽ｣繝ｻ・ｽ繝ｻ・｢驛｢譎｢・ｽ・ｻ郢晢ｽｻ繝ｻ・ｽ驛｢譎｢・ｽ・ｻ郢晢ｽｻ繝ｻ・ｼ鬯ｯ・ｩ陝ｷ・｢繝ｻ・ｽ繝ｻ・｢驛｢譎｢・ｽ・ｻ郢晢ｽｻ繝ｻ・ｧ鬩幢ｽ｢隴趣ｽ｢繝ｻ・ｽ繝ｻ・ｻ驛｢譎｢・ｽ・ｻ郢晢ｽｻ繝ｻ・ｹ 鬯ｯ・ｩ陝ｷ・｢繝ｻ・ｽ繝ｻ・｢鬮ｫ・ｴ陟托ｽｱ郢晢ｽｻ郢晢ｽｻ繝ｻ・ｽ郢晢ｽｻ繝ｻ・ｼ鬮ｫ・ｴ遶擾ｽｵ髢ｻ・ｸ郢晢ｽｻ繝ｻ・ｼ髫ｲ讖ｸ・ｽ・ｺ繝ｻ蜿夜ｱ堤ｹ晢ｽｻ郢晢ｽｻ繝ｻ・ｧ鬩幢ｽ｢隴趣ｽ｢繝ｻ・ｽ繝ｻ・ｻ驛｢譎｢・ｽ・ｻ郢晢ｽｻ繝ｻ・､鬯ｯ・ｩ陝ｷ・｢繝ｻ・ｽ繝ｻ・｢鬮ｫ・ｴ髮懶ｽ｣繝ｻ・ｽ繝ｻ・｢驛｢譎｢・ｽ・ｻ郢晢ｽｻ繝ｻ・ｽ驛｢譎｢・ｽ・ｻ郢晢ｽｻ繝ｻ・ｫ</Filter>
    </ClCompile>
    <ClCompile Include="SourceCode\Game\main.cpp">
      <Filter>鬯ｯ・ｩ陝ｷ・｢繝ｻ・ｽ繝ｻ・｢驛｢譎｢・ｽ・ｻ郢晢ｽｻ繝ｻ・ｧ鬩幢ｽ｢隴趣ｽ｢繝ｻ・ｽ繝ｻ・ｻ驛｢譎｢・ｽ・ｻ郢晢ｽｻ繝ｻ・ｽ鬯ｯ・ｩ陝ｷ・｢繝ｻ・ｽ繝ｻ・｢鬮ｫ・ｴ髮懶ｽ｣繝ｻ・ｽ繝ｻ・｢驛｢譎｢・ｽ・ｻ郢晢ｽｻ繝ｻ・ｽ驛｢譎｢・ｽ・ｻ郢晢ｽｻ繝ｻ・ｼ鬯ｯ・ｩ陝ｷ・｢繝ｻ・ｽ繝ｻ・｢驛｢譎｢・ｽ・ｻ郢晢ｽｻ繝ｻ・ｧ鬩幢ｽ｢隴趣ｽ｢繝ｻ・ｽ繝ｻ・ｻ驛｢譎｢・ｽ・ｻ郢晢ｽｻ繝ｻ・ｹ 鬯ｯ・ｩ陝ｷ・｢繝ｻ・ｽ繝ｻ・｢鬮ｫ・ｴ陟托ｽｱ郢晢ｽｻ郢晢ｽｻ繝ｻ・ｽ郢晢ｽｻ繝ｻ・ｼ鬮ｫ・ｴ遶擾ｽｵ髢ｻ・ｸ郢晢ｽｻ繝ｻ・ｼ髫ｲ讖ｸ・ｽ・ｺ繝ｻ蜿夜ｱ堤ｹ晢ｽｻ郢晢ｽｻ繝ｻ・ｧ鬩幢ｽ｢隴趣ｽ｢繝ｻ・ｽ繝ｻ・ｻ驛｢譎｢・ｽ・ｻ郢晢ｽｻ繝ｻ・､鬯ｯ・ｩ陝ｷ・｢繝ｻ・ｽ繝ｻ・｢鬮ｫ・ｴ髮懶ｽ｣繝ｻ・ｽ繝ｻ・｢驛｢譎｢・ｽ・ｻ郢晢ｽｻ繝ｻ・ｽ驛｢譎｢・ｽ・ｻ郢晢ｽｻ繝ｻ・ｫ</Filter>
    </ClCompile>
  </ItemGroup>
  <ItemGroup>
    <ClInclude Include="SourceCode\Global.h">
      <Filter>鬯ｯ・ｩ陝ｷ・｢繝ｻ・ｽ繝ｻ・｢鬮ｫ・ｴ陷ｿ蜴・ｽｽ・ｸ陷ｿ・ｯ・つ驛｢譎｢・ｽ・ｻ郢晢ｽｻ繝ｻ・･鬯ｩ蟷｢・ｽ・｢髫ｴ雜｣・ｽ・｢郢晢ｽｻ繝ｻ・ｽ郢晢ｽｻ繝ｻ・｣鬯ｯ・ｩ陝ｷ・｢繝ｻ・ｽ繝ｻ・｢鬮ｫ・ｰ繝ｻ・ｨ鬯ｲ謇假ｽｽ・ｴ繝ｻ縺､ﾂ鬯ｯ・ｩ陝ｷ・｢繝ｻ・ｽ繝ｻ・｢鬮ｫ・ｴ髮懶ｽ｣繝ｻ・ｽ繝ｻ・｢驛｢譎｢・ｽ・ｻ郢晢ｽｻ繝ｻ・ｽ驛｢譎｢・ｽ・ｻ郢晢ｽｻ繝ｻ・ｼ 鬯ｯ・ｩ陝ｷ・｢繝ｻ・ｽ繝ｻ・｢鬮ｫ・ｴ陟托ｽｱ郢晢ｽｻ郢晢ｽｻ繝ｻ・ｽ郢晢ｽｻ繝ｻ・ｼ鬮ｫ・ｴ遶擾ｽｵ髢ｻ・ｸ郢晢ｽｻ繝ｻ・ｼ髫ｲ讖ｸ・ｽ・ｺ繝ｻ蜿夜ｱ堤ｹ晢ｽｻ郢晢ｽｻ繝ｻ・ｧ鬩幢ｽ｢隴趣ｽ｢繝ｻ・ｽ繝ｻ・ｻ驛｢譎｢・ｽ・ｻ郢晢ｽｻ繝ｻ・､鬯ｯ・ｩ陝ｷ・｢繝ｻ・ｽ繝ｻ・｢鬮ｫ・ｴ髮懶ｽ｣繝ｻ・ｽ繝ｻ・｢驛｢譎｢・ｽ・ｻ郢晢ｽｻ繝ｻ・ｽ驛｢譎｢・ｽ・ｻ郢晢ｽｻ繝ｻ・ｫ</Filter>
    </ClInclude>
    <ClInclude Include="SourceCode\Graphic\DirectX\DirectX12\DirectX12.h">
      <Filter>鬯ｯ・ｩ陝ｷ・｢繝ｻ・ｽ繝ｻ・｢鬮ｫ・ｴ陷ｿ蜴・ｽｽ・ｸ陷ｿ・ｯ・つ驛｢譎｢・ｽ・ｻ郢晢ｽｻ繝ｻ・･鬯ｩ蟷｢・ｽ・｢髫ｴ雜｣・ｽ・｢郢晢ｽｻ繝ｻ・ｽ郢晢ｽｻ繝ｻ・｣鬯ｯ・ｩ陝ｷ・｢繝ｻ・ｽ繝ｻ・｢鬮ｫ・ｰ繝ｻ・ｨ鬯ｲ謇假ｽｽ・ｴ繝ｻ縺､ﾂ鬯ｯ・ｩ陝ｷ・｢繝ｻ・ｽ繝ｻ・｢鬮ｫ・ｴ髮懶ｽ｣繝ｻ・ｽ繝ｻ・｢驛｢譎｢・ｽ・ｻ郢晢ｽｻ繝ｻ・ｽ驛｢譎｢・ｽ・ｻ郢晢ｽｻ繝ｻ・ｼ 鬯ｯ・ｩ陝ｷ・｢繝ｻ・ｽ繝ｻ・｢鬮ｫ・ｴ陟托ｽｱ郢晢ｽｻ郢晢ｽｻ繝ｻ・ｽ郢晢ｽｻ繝ｻ・ｼ鬮ｫ・ｴ遶擾ｽｵ髢ｻ・ｸ郢晢ｽｻ繝ｻ・ｼ髫ｲ讖ｸ・ｽ・ｺ繝ｻ蜿夜ｱ堤ｹ晢ｽｻ郢晢ｽｻ繝ｻ・ｧ鬩幢ｽ｢隴趣ｽ｢繝ｻ・ｽ繝ｻ・ｻ驛｢譎｢・ｽ・ｻ郢晢ｽｻ繝ｻ・､鬯ｯ・ｩ陝ｷ・｢繝ｻ・ｽ繝ｻ・｢鬮ｫ・ｴ髮懶ｽ｣繝ｻ・ｽ繝ｻ・｢驛｢譎｢・ｽ・ｻ郢晢ｽｻ繝ｻ・ｽ驛｢譎｢・ｽ・ｻ郢晢ｽｻ繝ｻ・ｫ</Filter>
    </ClInclude>
    <ClInclude Include="SourceCode\MyMacro.h">
      <Filter>鬯ｯ・ｩ陝ｷ・｢繝ｻ・ｽ繝ｻ・｢鬮ｫ・ｴ陷ｿ蜴・ｽｽ・ｸ陷ｿ・ｯ・つ驛｢譎｢・ｽ・ｻ郢晢ｽｻ繝ｻ・･鬯ｩ蟷｢・ｽ・｢髫ｴ雜｣・ｽ・｢郢晢ｽｻ繝ｻ・ｽ郢晢ｽｻ繝ｻ・｣鬯ｯ・ｩ陝ｷ・｢繝ｻ・ｽ繝ｻ・｢鬮ｫ・ｰ繝ｻ・ｨ鬯ｲ謇假ｽｽ・ｴ繝ｻ縺､ﾂ鬯ｯ・ｩ陝ｷ・｢繝ｻ・ｽ繝ｻ・｢鬮ｫ・ｴ髮懶ｽ｣繝ｻ・ｽ繝ｻ・｢驛｢譎｢・ｽ・ｻ郢晢ｽｻ繝ｻ・ｽ驛｢譎｢・ｽ・ｻ郢晢ｽｻ繝ｻ・ｼ 鬯ｯ・ｩ陝ｷ・｢繝ｻ・ｽ繝ｻ・｢鬮ｫ・ｴ陟托ｽｱ郢晢ｽｻ郢晢ｽｻ繝ｻ・ｽ郢晢ｽｻ繝ｻ・ｼ鬮ｫ・ｴ遶擾ｽｵ髢ｻ・ｸ郢晢ｽｻ繝ｻ・ｼ髫ｲ讖ｸ・ｽ・ｺ繝ｻ蜿夜ｱ堤ｹ晢ｽｻ郢晢ｽｻ繝ｻ・ｧ鬩幢ｽ｢隴趣ｽ｢繝ｻ・ｽ繝ｻ・ｻ驛｢譎｢・ｽ・ｻ郢晢ｽｻ繝ｻ・､鬯ｯ・ｩ陝ｷ・｢繝ｻ・ｽ繝ｻ・｢鬮ｫ・ｴ髮懶ｽ｣繝ｻ・ｽ繝ｻ・｢驛｢譎｢・ｽ・ｻ郢晢ｽｻ繝ｻ・ｽ驛｢譎｢・ｽ・ｻ郢晢ｽｻ繝ｻ・ｫ</Filter>
    </ClInclude>
    <ClInclude Include="SourceCode\pch.h">
      <Filter>鬯ｯ・ｩ陝ｷ・｢繝ｻ・ｽ繝ｻ・｢鬮ｫ・ｴ陷ｿ蜴・ｽｽ・ｸ陷ｿ・ｯ・つ驛｢譎｢・ｽ・ｻ郢晢ｽｻ繝ｻ・･鬯ｩ蟷｢・ｽ・｢髫ｴ雜｣・ｽ・｢郢晢ｽｻ繝ｻ・ｽ郢晢ｽｻ繝ｻ・｣鬯ｯ・ｩ陝ｷ・｢繝ｻ・ｽ繝ｻ・｢鬮ｫ・ｰ繝ｻ・ｨ鬯ｲ謇假ｽｽ・ｴ繝ｻ縺､ﾂ鬯ｯ・ｩ陝ｷ・｢繝ｻ・ｽ繝ｻ・｢鬮ｫ・ｴ髮懶ｽ｣繝ｻ・ｽ繝ｻ・｢驛｢譎｢・ｽ・ｻ郢晢ｽｻ繝ｻ・ｽ驛｢譎｢・ｽ・ｻ郢晢ｽｻ繝ｻ・ｼ 鬯ｯ・ｩ陝ｷ・｢繝ｻ・ｽ繝ｻ・｢鬮ｫ・ｴ陟托ｽｱ郢晢ｽｻ郢晢ｽｻ繝ｻ・ｽ郢晢ｽｻ繝ｻ・ｼ鬮ｫ・ｴ遶擾ｽｵ髢ｻ・ｸ郢晢ｽｻ繝ｻ・ｼ髫ｲ讖ｸ・ｽ・ｺ繝ｻ蜿夜ｱ堤ｹ晢ｽｻ郢晢ｽｻ繝ｻ・ｧ鬩幢ｽ｢隴趣ｽ｢繝ｻ・ｽ繝ｻ・ｻ驛｢譎｢・ｽ・ｻ郢晢ｽｻ繝ｻ・､鬯ｯ・ｩ陝ｷ・｢繝ｻ・ｽ繝ｻ・｢鬮ｫ・ｴ髮懶ｽ｣繝ｻ・ｽ繝ｻ・｢驛｢譎｢・ｽ・ｻ郢晢ｽｻ繝ｻ・ｽ驛｢譎｢・ｽ・ｻ郢晢ｽｻ繝ｻ・ｫ</Filter>
    </ClInclude>
    <ClInclude Include="SourceCode\Graphic\FBX\FBXMesh.h">
      <Filter>鬯ｯ・ｩ陝ｷ・｢繝ｻ・ｽ繝ｻ・｢鬮ｫ・ｴ陷ｿ蜴・ｽｽ・ｸ陷ｿ・ｯ・つ驛｢譎｢・ｽ・ｻ郢晢ｽｻ繝ｻ・･鬯ｩ蟷｢・ｽ・｢髫ｴ雜｣・ｽ・｢郢晢ｽｻ繝ｻ・ｽ郢晢ｽｻ繝ｻ・｣鬯ｯ・ｩ陝ｷ・｢繝ｻ・ｽ繝ｻ・｢鬮ｫ・ｰ繝ｻ・ｨ鬯ｲ謇假ｽｽ・ｴ繝ｻ縺､ﾂ鬯ｯ・ｩ陝ｷ・｢繝ｻ・ｽ繝ｻ・｢鬮ｫ・ｴ髮懶ｽ｣繝ｻ・ｽ繝ｻ・｢驛｢譎｢・ｽ・ｻ郢晢ｽｻ繝ｻ・ｽ驛｢譎｢・ｽ・ｻ郢晢ｽｻ繝ｻ・ｼ 鬯ｯ・ｩ陝ｷ・｢繝ｻ・ｽ繝ｻ・｢鬮ｫ・ｴ陟托ｽｱ郢晢ｽｻ郢晢ｽｻ繝ｻ・ｽ郢晢ｽｻ繝ｻ・ｼ鬮ｫ・ｴ遶擾ｽｵ髢ｻ・ｸ郢晢ｽｻ繝ｻ・ｼ髫ｲ讖ｸ・ｽ・ｺ繝ｻ蜿夜ｱ堤ｹ晢ｽｻ郢晢ｽｻ繝ｻ・ｧ鬩幢ｽ｢隴趣ｽ｢繝ｻ・ｽ繝ｻ・ｻ驛｢譎｢・ｽ・ｻ郢晢ｽｻ繝ｻ・､鬯ｯ・ｩ陝ｷ・｢繝ｻ・ｽ繝ｻ・｢鬮ｫ・ｴ髮懶ｽ｣繝ｻ・ｽ繝ｻ・｢驛｢譎｢・ｽ・ｻ郢晢ｽｻ繝ｻ・ｽ驛｢譎｢・ｽ・ｻ郢晢ｽｻ繝ｻ・ｫ</Filter>
    </ClInclude>
    <ClInclude Include="SourceCode\Graphic\FBX\FBXModel.h">
      <Filter>鬯ｯ・ｩ陝ｷ・｢繝ｻ・ｽ繝ｻ・｢鬮ｫ・ｴ陷ｿ蜴・ｽｽ・ｸ陷ｿ・ｯ・つ驛｢譎｢・ｽ・ｻ郢晢ｽｻ繝ｻ・･鬯ｩ蟷｢・ｽ・｢髫ｴ雜｣・ｽ・｢郢晢ｽｻ繝ｻ・ｽ郢晢ｽｻ繝ｻ・｣鬯ｯ・ｩ陝ｷ・｢繝ｻ・ｽ繝ｻ・｢鬮ｫ・ｰ繝ｻ・ｨ鬯ｲ謇假ｽｽ・ｴ繝ｻ縺､ﾂ鬯ｯ・ｩ陝ｷ・｢繝ｻ・ｽ繝ｻ・｢鬮ｫ・ｴ髮懶ｽ｣繝ｻ・ｽ繝ｻ・｢驛｢譎｢・ｽ・ｻ郢晢ｽｻ繝ｻ・ｽ驛｢譎｢・ｽ・ｻ郢晢ｽｻ繝ｻ・ｼ 鬯ｯ・ｩ陝ｷ・｢繝ｻ・ｽ繝ｻ・｢鬮ｫ・ｴ陟托ｽｱ郢晢ｽｻ郢晢ｽｻ繝ｻ・ｽ郢晢ｽｻ繝ｻ・ｼ鬮ｫ・ｴ遶擾ｽｵ髢ｻ・ｸ郢晢ｽｻ繝ｻ・ｼ髫ｲ讖ｸ・ｽ・ｺ繝ｻ蜿夜ｱ堤ｹ晢ｽｻ郢晢ｽｻ繝ｻ・ｧ鬩幢ｽ｢隴趣ｽ｢繝ｻ・ｽ繝ｻ・ｻ驛｢譎｢・ｽ・ｻ郢晢ｽｻ繝ｻ・､鬯ｯ・ｩ陝ｷ・｢繝ｻ・ｽ繝ｻ・｢鬮ｫ・ｴ髮懶ｽ｣繝ｻ・ｽ繝ｻ・｢驛｢譎｢・ｽ・ｻ郢晢ｽｻ繝ｻ・ｽ驛｢譎｢・ｽ・ｻ郢晢ｽｻ繝ｻ・ｫ</Filter>
    </ClInclude>
  </ItemGroup>
  <ItemGroup>
    <None Include="Doc\CODING_STYLE.md">
      <Filter>鬯ｯ・ｩ陝ｷ・｢繝ｻ・ｽ繝ｻ・｢鬮ｫ・ｴ髮懶ｽ｣繝ｻ・ｽ繝ｻ・｢驛｢譎｢・ｽ・ｻ郢晢ｽｻ繝ｻ・ｽ驛｢譎｢・ｽ・ｻ郢晢ｽｻ繝ｻ・ｪ鬯ｯ・ｩ陝ｷ・｢繝ｻ・ｽ繝ｻ・｢驛｢譎｢・ｽ・ｻ郢晢ｽｻ繝ｻ・ｧ鬩幢ｽ｢隴趣ｽ｢繝ｻ・ｽ繝ｻ・ｻ驛｢譎｢・ｽ・ｻ郢晢ｽｻ繝ｻ・ｽ鬯ｯ・ｩ陝ｷ・｢繝ｻ・ｽ繝ｻ・｢鬮ｫ・ｴ髮懶ｽ｣繝ｻ・ｽ繝ｻ・｢驛｢譎｢・ｽ・ｻ郢晢ｽｻ繝ｻ・ｽ驛｢譎｢・ｽ・ｻ郢晢ｽｻ繝ｻ・ｼ鬯ｯ・ｩ陝ｷ・｢繝ｻ・ｽ繝ｻ・｢驛｢譎｢・ｽ・ｻ郢晢ｽｻ繝ｻ・ｧ鬩幢ｽ｢隴趣ｽ｢繝ｻ・ｽ繝ｻ・ｻ驛｢譎｢・ｽ・ｻ郢晢ｽｻ繝ｻ・ｹ 鬯ｯ・ｩ陝ｷ・｢繝ｻ・ｽ繝ｻ・｢鬮ｫ・ｴ陟托ｽｱ郢晢ｽｻ郢晢ｽｻ繝ｻ・ｽ郢晢ｽｻ繝ｻ・ｼ鬮ｫ・ｴ遶擾ｽｵ髢ｻ・ｸ郢晢ｽｻ繝ｻ・ｼ髫ｲ讖ｸ・ｽ・ｺ繝ｻ蜿夜ｱ堤ｹ晢ｽｻ郢晢ｽｻ繝ｻ・ｧ鬩幢ｽ｢隴趣ｽ｢繝ｻ・ｽ繝ｻ・ｻ驛｢譎｢・ｽ・ｻ郢晢ｽｻ繝ｻ・､鬯ｯ・ｩ陝ｷ・｢繝ｻ・ｽ繝ｻ・｢鬮ｫ・ｴ髮懶ｽ｣繝ｻ・ｽ繝ｻ・｢驛｢譎｢・ｽ・ｻ郢晢ｽｻ繝ｻ・ｽ驛｢譎｢・ｽ・ｻ郢晢ｽｻ繝ｻ・ｫ</Filter>
    </None>
    <None Include="SourceCode\Graphic\Shader\DebugDraw.hlsl">
      <Filter>鬯ｯ・ｩ陝ｷ・｢繝ｻ・ｽ繝ｻ・｢鬮ｫ・ｴ髮懶ｽ｣繝ｻ・ｽ繝ｻ・｢驛｢譎｢・ｽ・ｻ郢晢ｽｻ繝ｻ・ｽ驛｢譎｢・ｽ・ｻ郢晢ｽｻ繝ｻ・ｪ鬯ｯ・ｩ陝ｷ・｢繝ｻ・ｽ繝ｻ・｢驛｢譎｢・ｽ・ｻ郢晢ｽｻ繝ｻ・ｧ鬩幢ｽ｢隴趣ｽ｢繝ｻ・ｽ繝ｻ・ｻ驛｢譎｢・ｽ・ｻ郢晢ｽｻ繝ｻ・ｽ鬯ｯ・ｩ陝ｷ・｢繝ｻ・ｽ繝ｻ・｢鬮ｫ・ｴ髮懶ｽ｣繝ｻ・ｽ繝ｻ・｢驛｢譎｢・ｽ・ｻ郢晢ｽｻ繝ｻ・ｽ驛｢譎｢・ｽ・ｻ郢晢ｽｻ繝ｻ・ｼ鬯ｯ・ｩ陝ｷ・｢繝ｻ・ｽ繝ｻ・｢驛｢譎｢・ｽ・ｻ郢晢ｽｻ繝ｻ・ｧ鬩幢ｽ｢隴趣ｽ｢繝ｻ・ｽ繝ｻ・ｻ驛｢譎｢・ｽ・ｻ郢晢ｽｻ繝ｻ・ｹ 鬯ｯ・ｩ陝ｷ・｢繝ｻ・ｽ繝ｻ・｢鬮ｫ・ｴ陟托ｽｱ郢晢ｽｻ郢晢ｽｻ繝ｻ・ｽ郢晢ｽｻ繝ｻ・ｼ鬮ｫ・ｴ遶擾ｽｵ髢ｻ・ｸ郢晢ｽｻ繝ｻ・ｼ髫ｲ讖ｸ・ｽ・ｺ繝ｻ蜿夜ｱ堤ｹ晢ｽｻ郢晢ｽｻ繝ｻ・ｧ鬩幢ｽ｢隴趣ｽ｢繝ｻ・ｽ繝ｻ・ｻ驛｢譎｢・ｽ・ｻ郢晢ｽｻ繝ｻ・､鬯ｯ・ｩ陝ｷ・｢繝ｻ・ｽ繝ｻ・｢鬮ｫ・ｴ髮懶ｽ｣繝ｻ・ｽ繝ｻ・｢驛｢譎｢・ｽ・ｻ郢晢ｽｻ繝ｻ・ｽ驛｢譎｢・ｽ・ｻ郢晢ｽｻ繝ｻ・ｫ</Filter>
    </None>
    <None Include="SourceCode\Graphic\Shader\Skinning.hlsl">
      <Filter>鬯ｯ・ｩ陝ｷ・｢繝ｻ・ｽ繝ｻ・｢鬮ｫ・ｴ髮懶ｽ｣繝ｻ・ｽ繝ｻ・｢驛｢譎｢・ｽ・ｻ郢晢ｽｻ繝ｻ・ｽ驛｢譎｢・ｽ・ｻ郢晢ｽｻ繝ｻ・ｪ鬯ｯ・ｩ陝ｷ・｢繝ｻ・ｽ繝ｻ・｢驛｢譎｢・ｽ・ｻ郢晢ｽｻ繝ｻ・ｧ鬩幢ｽ｢隴趣ｽ｢繝ｻ・ｽ繝ｻ・ｻ驛｢譎｢・ｽ・ｻ郢晢ｽｻ繝ｻ・ｽ鬯ｯ・ｩ陝ｷ・｢繝ｻ・ｽ繝ｻ・｢鬮ｫ・ｴ髮懶ｽ｣繝ｻ・ｽ繝ｻ・｢驛｢譎｢・ｽ・ｻ郢晢ｽｻ繝ｻ・ｽ驛｢譎｢・ｽ・ｻ郢晢ｽｻ繝ｻ・ｼ鬯ｯ・ｩ陝ｷ・｢繝ｻ・ｽ繝ｻ・｢驛｢譎｢・ｽ・ｻ郢晢ｽｻ繝ｻ・ｧ鬩幢ｽ｢隴趣ｽ｢繝ｻ・ｽ繝ｻ・ｻ驛｢譎｢・ｽ・ｻ郢晢ｽｻ繝ｻ・ｹ 鬯ｯ・ｩ陝ｷ・｢繝ｻ・ｽ繝ｻ・｢鬮ｫ・ｴ陟托ｽｱ郢晢ｽｻ郢晢ｽｻ繝ｻ・ｽ郢晢ｽｻ繝ｻ・ｼ鬮ｫ・ｴ遶擾ｽｵ髢ｻ・ｸ郢晢ｽｻ繝ｻ・ｼ髫ｲ讖ｸ・ｽ・ｺ繝ｻ蜿夜ｱ堤ｹ晢ｽｻ郢晢ｽｻ繝ｻ・ｧ鬩幢ｽ｢隴趣ｽ｢繝ｻ・ｽ繝ｻ・ｻ驛｢譎｢・ｽ・ｻ郢晢ｽｻ繝ｻ・､鬯ｯ・ｩ陝ｷ・｢繝ｻ・ｽ繝ｻ・｢鬮ｫ・ｴ髮懶ｽ｣繝ｻ・ｽ繝ｻ・｢驛｢譎｢・ｽ・ｻ郢晢ｽｻ繝ｻ・ｽ驛｢譎｢・ｽ・ｻ郢晢ｽｻ繝ｻ・ｫ</Filter>
    </None>
    <None Include="packages.config">
      <Filter>鬯ｯ・ｩ陝ｷ・｢繝ｻ・ｽ繝ｻ・｢鬮ｫ・ｴ髮懶ｽ｣繝ｻ・ｽ繝ｻ・｢驛｢譎｢・ｽ・ｻ郢晢ｽｻ繝ｻ・ｽ驛｢譎｢・ｽ・ｻ郢晢ｽｻ繝ｻ・ｪ鬯ｯ・ｩ陝ｷ・｢繝ｻ・ｽ繝ｻ・｢驛｢譎｢・ｽ・ｻ郢晢ｽｻ繝ｻ・ｧ鬩幢ｽ｢隴趣ｽ｢繝ｻ・ｽ繝ｻ・ｻ驛｢譎｢・ｽ・ｻ郢晢ｽｻ繝ｻ・ｽ鬯ｯ・ｩ陝ｷ・｢繝ｻ・ｽ繝ｻ・｢鬮ｫ・ｴ髮懶ｽ｣繝ｻ・ｽ繝ｻ・｢驛｢譎｢・ｽ・ｻ郢晢ｽｻ繝ｻ・ｽ驛｢譎｢・ｽ・ｻ郢晢ｽｻ繝ｻ・ｼ鬯ｯ・ｩ陝ｷ・｢繝ｻ・ｽ繝ｻ・｢驛｢譎｢・ｽ・ｻ郢晢ｽｻ繝ｻ・ｧ鬩幢ｽ｢隴趣ｽ｢繝ｻ・ｽ繝ｻ・ｻ驛｢譎｢・ｽ・ｻ郢晢ｽｻ繝ｻ・ｹ 鬯ｯ・ｩ陝ｷ・｢繝ｻ・ｽ繝ｻ・｢鬮ｫ・ｴ陟托ｽｱ郢晢ｽｻ郢晢ｽｻ繝ｻ・ｽ郢晢ｽｻ繝ｻ・ｼ鬮ｫ・ｴ遶擾ｽｵ髢ｻ・ｸ郢晢ｽｻ繝ｻ・ｼ髫ｲ讖ｸ・ｽ・ｺ繝ｻ蜿夜ｱ堤ｹ晢ｽｻ郢晢ｽｻ繝ｻ・ｧ鬩幢ｽ｢隴趣ｽ｢繝ｻ・ｽ繝ｻ・ｻ驛｢譎｢・ｽ・ｻ郢晢ｽｻ繝ｻ・､鬯ｯ・ｩ陝ｷ・｢繝ｻ・ｽ繝ｻ・｢鬮ｫ・ｴ髮懶ｽ｣繝ｻ・ｽ繝ｻ・｢驛｢譎｢・ｽ・ｻ郢晢ｽｻ繝ｻ・ｽ驛｢譎｢・ｽ・ｻ郢晢ｽｻ繝ｻ・ｫ</Filter>
    </None>
    <None Include="Data\Shader\Dbg\README.md" />
  </ItemGroup>
  <ItemGroup>
    <FxCompile Include="Data\Shader\FBX\Skinning.hlsl" />
  </ItemGroup>
</Project>